
Microsoft Visual Studio Solution File, Format Version 12.00
# Visual Studio Version 17
VisualStudioVersion = 17.5.002.0
MinimumVisualStudioVersion = 10.0.40219.1
Project("{9A19103F-16F7-4668-BE54-9A1E7A4F7556}") = "DesafioFundamentos", "DesafioFundamentos.csproj", "{BEAED987-3208-4D89-87A6-F95B1562D875}"
EndProject
Global
	GlobalSection(SolutionConfigurationPlatforms) = preSolution
		Debug|Any CPU = Debug|Any CPU
		Release|Any CPU = Release|Any CPU
	EndGlobalSection
	GlobalSection(ProjectConfigurationPlatforms) = postSolution
		{BEAED987-3208-4D89-87A6-F95B1562D875}.Debug|Any CPU.ActiveCfg = Debug|Any CPU
		{BEAED987-3208-4D89-87A6-F95B1562D875}.Debug|Any CPU.Build.0 = Debug|Any CPU
		{BEAED987-3208-4D89-87A6-F95B1562D875}.Release|Any CPU.ActiveCfg = Release|Any CPU
		{BEAED987-3208-4D89-87A6-F95B1562D875}.Release|Any CPU.Build.0 = Release|Any CPU
	EndGlobalSection
	GlobalSection(SolutionProperties) = preSolution
		HideSolutionNode = FALSE
	EndGlobalSection
	GlobalSection(ExtensibilityGlobals) = postSolution
		SolutionGuid = {B151541E-8A47-40B9-89F1-F3FFC3B7780C}
	EndGlobalSection
EndGlobal
